// !$*UTF8*$!
{
	archiveVersion = 1;
	classes = {
	};
	objectVersion = 56;
	objects = {

/* Begin PBXBuildFile section */
		D26A95C72A0A49D800BE3D8C /* AppDelegate.swift in Sources */ = {isa = PBXBuildFile; fileRef = D26A95C62A0A49D800BE3D8C /* AppDelegate.swift */; };
		D26A95C92A0A49D800BE3D8C /* SceneDelegate.swift in Sources */ = {isa = PBXBuildFile; fileRef = D26A95C82A0A49D800BE3D8C /* SceneDelegate.swift */; };
		D26A95CB2A0A49D800BE3D8C /* ViewController.swift in Sources */ = {isa = PBXBuildFile; fileRef = D26A95CA2A0A49D800BE3D8C /* ViewController.swift */; };
		D26A95CE2A0A49D800BE3D8C /* Main.storyboard in Resources */ = {isa = PBXBuildFile; fileRef = D26A95CC2A0A49D800BE3D8C /* Main.storyboard */; };
		D26A95D02A0A49DA00BE3D8C /* Assets.xcassets in Resources */ = {isa = PBXBuildFile; fileRef = D26A95CF2A0A49DA00BE3D8C /* Assets.xcassets */; };
		D26A95D32A0A49DA00BE3D8C /* LaunchScreen.storyboard in Resources */ = {isa = PBXBuildFile; fileRef = D26A95D12A0A49DA00BE3D8C /* LaunchScreen.storyboard */; };
		D26A95DE2A0A961100BE3D8C /* word_blank.png in Resources */ = {isa = PBXBuildFile; fileRef = D26A95DB2A0A961000BE3D8C /* word_blank.png */; };
		D26A95DF2A0A961100BE3D8C /* fin.png in Resources */ = {isa = PBXBuildFile; fileRef = D26A95DC2A0A961100BE3D8C /* fin.png */; };
		D26A95E02A0A961100BE3D8C /* title_logo.png in Resources */ = {isa = PBXBuildFile; fileRef = D26A95DD2A0A961100BE3D8C /* title_logo.png */; };
		D2F52D402A0CE45700A5B2FD /* QuestionViewController.swift in Sources */ = {isa = PBXBuildFile; fileRef = D2F52D3F2A0CE45700A5B2FD /* QuestionViewController.swift */; };
		D2F52D422A0CE47000A5B2FD /* FinishViewController.swift in Sources */ = {isa = PBXBuildFile; fileRef = D2F52D412A0CE47000A5B2FD /* FinishViewController.swift */; };
		D2F52D442A0CE48F00A5B2FD /* ListTableViewController.swift in Sources */ = {isa = PBXBuildFile; fileRef = D2F52D432A0CE48F00A5B2FD /* ListTableViewController.swift */; };
		D2F52D462A0CE69200A5B2FD /* AddViewController.swift in Sources */ = {isa = PBXBuildFile; fileRef = D2F52D452A0CE69200A5B2FD /* AddViewController.swift */; };
		D2F52D492A0DF16900A5B2FD /* ListTableViewCell.swift in Sources */ = {isa = PBXBuildFile; fileRef = D2F52D472A0DF16900A5B2FD /* ListTableViewCell.swift */; };
		D2F52D4A2A0DF16900A5B2FD /* ListTableViewCell.xib in Resources */ = {isa = PBXBuildFile; fileRef = D2F52D482A0DF16900A5B2FD /* ListTableViewCell.xib */; };
/* End PBXBuildFile section */

/* Begin PBXFileReference section */
		D26A95C32A0A49D800BE3D8C /* WordList.app */ = {isa = PBXFileReference; explicitFileType = wrapper.application; includeInIndex = 0; path = WordList.app; sourceTree = BUILT_PRODUCTS_DIR; };
		D26A95C62A0A49D800BE3D8C /* AppDelegate.swift */ = {isa = PBXFileReference; lastKnownFileType = sourcecode.swift; path = AppDelegate.swift; sourceTree = "<group>"; };
		D26A95C82A0A49D800BE3D8C /* SceneDelegate.swift */ = {isa = PBXFileReference; lastKnownFileType = sourcecode.swift; path = SceneDelegate.swift; sourceTree = "<group>"; };
		D26A95CA2A0A49D800BE3D8C /* ViewController.swift */ = {isa = PBXFileReference; lastKnownFileType = sourcecode.swift; path = ViewController.swift; sourceTree = "<group>"; };
		D26A95CD2A0A49D800BE3D8C /* Base */ = {isa = PBXFileReference; lastKnownFileType = file.storyboard; name = Base; path = Base.lproj/Main.storyboard; sourceTree = "<group>"; };
		D26A95CF2A0A49DA00BE3D8C /* Assets.xcassets */ = {isa = PBXFileReference; lastKnownFileType = folder.assetcatalog; path = Assets.xcassets; sourceTree = "<group>"; };
		D26A95D22A0A49DA00BE3D8C /* Base */ = {isa = PBXFileReference; lastKnownFileType = file.storyboard; name = Base; path = Base.lproj/LaunchScreen.storyboard; sourceTree = "<group>"; };
		D26A95D42A0A49DA00BE3D8C /* Info.plist */ = {isa = PBXFileReference; lastKnownFileType = text.plist.xml; path = Info.plist; sourceTree = "<group>"; };
		D26A95DB2A0A961000BE3D8C /* word_blank.png */ = {isa = PBXFileReference; lastKnownFileType = image.png; path = word_blank.png; sourceTree = "<group>"; };
		D26A95DC2A0A961100BE3D8C /* fin.png */ = {isa = PBXFileReference; lastKnownFileType = image.png; path = fin.png; sourceTree = "<group>"; };
		D26A95DD2A0A961100BE3D8C /* title_logo.png */ = {isa = PBXFileReference; lastKnownFileType = image.png; path = title_logo.png; sourceTree = "<group>"; };
		D2F52D3F2A0CE45700A5B2FD /* QuestionViewController.swift */ = {isa = PBXFileReference; lastKnownFileType = sourcecode.swift; path = QuestionViewController.swift; sourceTree = "<group>"; };
		D2F52D412A0CE47000A5B2FD /* FinishViewController.swift */ = {isa = PBXFileReference; lastKnownFileType = sourcecode.swift; path = FinishViewController.swift; sourceTree = "<group>"; };
		D2F52D432A0CE48F00A5B2FD /* ListTableViewController.swift */ = {isa = PBXFileReference; lastKnownFileType = sourcecode.swift; path = ListTableViewController.swift; sourceTree = "<group>"; };
		D2F52D452A0CE69200A5B2FD /* AddViewController.swift */ = {isa = PBXFileReference; lastKnownFileType = sourcecode.swift; path = AddViewController.swift; sourceTree = "<group>"; };
		D2F52D472A0DF16900A5B2FD /* ListTableViewCell.swift */ = {isa = PBXFileReference; lastKnownFileType = sourcecode.swift; path = ListTableViewCell.swift; sourceTree = "<group>"; };
		D2F52D482A0DF16900A5B2FD /* ListTableViewCell.xib */ = {isa = PBXFileReference; lastKnownFileType = file.xib; path = ListTableViewCell.xib; sourceTree = "<group>"; };
/* End PBXFileReference section */

/* Begin PBXFrameworksBuildPhase section */
		D26A95C02A0A49D800BE3D8C /* Frameworks */ = {
			isa = PBXFrameworksBuildPhase;
			buildActionMask = 2147483647;
			files = (
			);
			runOnlyForDeploymentPostprocessing = 0;
		};
/* End PBXFrameworksBuildPhase section */

/* Begin PBXGroup section */
		D26A95BA2A0A49D800BE3D8C = {
			isa = PBXGroup;
			children = (
				D26A95C52A0A49D800BE3D8C /* WordList */,
				D26A95C42A0A49D800BE3D8C /* Products */,
			);
			sourceTree = "<group>";
		};
		D26A95C42A0A49D800BE3D8C /* Products */ = {
			isa = PBXGroup;
			children = (
				D26A95C32A0A49D800BE3D8C /* WordList.app */,
			);
			name = Products;
			sourceTree = "<group>";
		};
		D26A95C52A0A49D800BE3D8C /* WordList */ = {
			isa = PBXGroup;
			children = (
				D26A95C62A0A49D800BE3D8C /* AppDelegate.swift */,
				D26A95C82A0A49D800BE3D8C /* SceneDelegate.swift */,
				D26A95CA2A0A49D800BE3D8C /* ViewController.swift */,
				D26A95CC2A0A49D800BE3D8C /* Main.storyboard */,
				D26A95DA2A0A961000BE3D8C /* WordList素材 */,
				D26A95CF2A0A49DA00BE3D8C /* Assets.xcassets */,
				D26A95D12A0A49DA00BE3D8C /* LaunchScreen.storyboard */,
				D26A95D42A0A49DA00BE3D8C /* Info.plist */,
				D2F52D3F2A0CE45700A5B2FD /* QuestionViewController.swift */,
				D2F52D412A0CE47000A5B2FD /* FinishViewController.swift */,
				D2F52D432A0CE48F00A5B2FD /* ListTableViewController.swift */,
				D2F52D452A0CE69200A5B2FD /* AddViewController.swift */,
				D2F52D472A0DF16900A5B2FD /* ListTableViewCell.swift */,
				D2F52D482A0DF16900A5B2FD /* ListTableViewCell.xib */,
			);
			path = WordList;
			sourceTree = "<group>";
		};
		D26A95DA2A0A961000BE3D8C /* WordList素材 */ = {
			isa = PBXGroup;
			children = (
				D26A95DB2A0A961000BE3D8C /* word_blank.png */,
				D26A95DC2A0A961100BE3D8C /* fin.png */,
				D26A95DD2A0A961100BE3D8C /* title_logo.png */,
			);
			path = "WordList素材";
			sourceTree = "<group>";
		};
/* End PBXGroup section */

/* Begin PBXNativeTarget section */
		D26A95C22A0A49D800BE3D8C /* WordList */ = {
			isa = PBXNativeTarget;
			buildConfigurationList = D26A95D72A0A49DA00BE3D8C /* Build configuration list for PBXNativeTarget "WordList" */;
			buildPhases = (
				D26A95BF2A0A49D800BE3D8C /* Sources */,
				D26A95C02A0A49D800BE3D8C /* Frameworks */,
				D26A95C12A0A49D800BE3D8C /* Resources */,
			);
			buildRules = (
			);
			dependencies = (
			);
			name = WordList;
			productName = WordList;
			productReference = D26A95C32A0A49D800BE3D8C /* WordList.app */;
			productType = "com.apple.product-type.application";
		};
/* End PBXNativeTarget section */

/* Begin PBXProject section */
		D26A95BB2A0A49D800BE3D8C /* Project object */ = {
			isa = PBXProject;
			attributes = {
				BuildIndependentTargetsInParallel = 1;
				LastSwiftUpdateCheck = 1430;
				LastUpgradeCheck = 1430;
				TargetAttributes = {
					D26A95C22A0A49D800BE3D8C = {
						CreatedOnToolsVersion = 14.3;
					};
				};
			};
			buildConfigurationList = D26A95BE2A0A49D800BE3D8C /* Build configuration list for PBXProject "WordList" */;
			compatibilityVersion = "Xcode 14.0";
			developmentRegion = en;
			hasScannedForEncodings = 0;
			knownRegions = (
				en,
				Base,
			);
			mainGroup = D26A95BA2A0A49D800BE3D8C;
			productRefGroup = D26A95C42A0A49D800BE3D8C /* Products */;
			projectDirPath = "";
			projectRoot = "";
			targets = (
				D26A95C22A0A49D800BE3D8C /* WordList */,
			);
		};
/* End PBXProject section */

/* Begin PBXResourcesBuildPhase section */
		D26A95C12A0A49D800BE3D8C /* Resources */ = {
			isa = PBXResourcesBuildPhase;
			buildActionMask = 2147483647;
			files = (
				D26A95DE2A0A961100BE3D8C /* word_blank.png in Resources */,
				D26A95E02A0A961100BE3D8C /* title_logo.png in Resources */,
				D26A95D32A0A49DA00BE3D8C /* LaunchScreen.storyboard in Resources */,
				D26A95D02A0A49DA00BE3D8C /* Assets.xcassets in Resources */,
				D26A95DF2A0A961100BE3D8C /* fin.png in Resources */,
				D26A95CE2A0A49D800BE3D8C /* Main.storyboard in Resources */,
				D2F52D4A2A0DF16900A5B2FD /* ListTableViewCell.xib in Resources */,
			);
			runOnlyForDeploymentPostprocessing = 0;
		};
/* End PBXResourcesBuildPhase section */

/* Begin PBXSourcesBuildPhase section */
		D26A95BF2A0A49D800BE3D8C /* Sources */ = {
			isa = PBXSourcesBuildPhase;
			buildActionMask = 2147483647;
			files = (
				D2F52D422A0CE47000A5B2FD /* FinishViewController.swift in Sources */,
				D2F52D492A0DF16900A5B2FD /* ListTableViewCell.swift in Sources */,
				D26A95CB2A0A49D800BE3D8C /* ViewController.swift in Sources */,
				D2F52D462A0CE69200A5B2FD /* AddViewController.swift in Sources */,
				D26A95C72A0A49D800BE3D8C /* AppDelegate.swift in Sources */,
				D2F52D402A0CE45700A5B2FD /* QuestionViewController.swift in Sources */,
				D2F52D442A0CE48F00A5B2FD /* ListTableViewController.swift in Sources */,
				D26A95C92A0A49D800BE3D8C /* SceneDelegate.swift in Sources */,
			);
			runOnlyForDeploymentPostprocessing = 0;
		};
/* End PBXSourcesBuildPhase section */

/* Begin PBXVariantGroup section */
		D26A95CC2A0A49D800BE3D8C /* Main.storyboard */ = {
			isa = PBXVariantGroup;
			children = (
				D26A95CD2A0A49D800BE3D8C /* Base */,
			);
			name = Main.storyboard;
			sourceTree = "<group>";
		};
		D26A95D12A0A49DA00BE3D8C /* LaunchScreen.storyboard */ = {
			isa = PBXVariantGroup;
			children = (
				D26A95D22A0A49DA00BE3D8C /* Base */,
			);
			name = LaunchScreen.storyboard;
			sourceTree = "<group>";
		};
/* End PBXVariantGroup section */

/* Begin XCBuildConfiguration section */
		D26A95D52A0A49DA00BE3D8C /* Debug */ = {
			isa = XCBuildConfiguration;
			buildSettings = {
				ALWAYS_SEARCH_USER_PATHS = NO;
				CLANG_ANALYZER_NONNULL = YES;
				CLANG_ANALYZER_NUMBER_OBJECT_CONVERSION = YES_AGGRESSIVE;
				CLANG_CXX_LANGUAGE_STANDARD = "gnu++20";
				CLANG_ENABLE_MODULES = YES;
				CLANG_ENABLE_OBJC_ARC = YES;
				CLANG_ENABLE_OBJC_WEAK = YES;
				CLANG_WARN_BLOCK_CAPTURE_AUTORELEASING = YES;
				CLANG_WARN_BOOL_CONVERSION = YES;
				CLANG_WARN_COMMA = YES;
				CLANG_WARN_CONSTANT_CONVERSION = YES;
				CLANG_WARN_DEPRECATED_OBJC_IMPLEMENTATIONS = YES;
				CLANG_WARN_DIRECT_OBJC_ISA_USAGE = YES_ERROR;
				CLANG_WARN_DOCUMENTATION_COMMENTS = YES;
				CLANG_WARN_EMPTY_BODY = YES;
				CLANG_WARN_ENUM_CONVERSION = YES;
				CLANG_WARN_INFINITE_RECURSION = YES;
				CLANG_WARN_INT_CONVERSION = YES;
				CLANG_WARN_NON_LITERAL_NULL_CONVERSION = YES;
				CLANG_WARN_OBJC_IMPLICIT_RETAIN_SELF = YES;
				CLANG_WARN_OBJC_LITERAL_CONVERSION = YES;
				CLANG_WARN_OBJC_ROOT_CLASS = YES_ERROR;
				CLANG_WARN_QUOTED_INCLUDE_IN_FRAMEWORK_HEADER = YES;
				CLANG_WARN_RANGE_LOOP_ANALYSIS = YES;
				CLANG_WARN_STRICT_PROTOTYPES = YES;
				CLANG_WARN_SUSPICIOUS_MOVE = YES;
				CLANG_WARN_UNGUARDED_AVAILABILITY = YES_AGGRESSIVE;
				CLANG_WARN_UNREACHABLE_CODE = YES;
				CLANG_WARN__DUPLICATE_METHOD_MATCH = YES;
				COPY_PHASE_STRIP = NO;
				DEBUG_INFORMATION_FORMAT = dwarf;
				ENABLE_STRICT_OBJC_MSGSEND = YES;
				ENABLE_TESTABILITY = YES;
				GCC_C_LANGUAGE_STANDARD = gnu11;
				GCC_DYNAMIC_NO_PIC = NO;
				GCC_NO_COMMON_BLOCKS = YES;
				GCC_OPTIMIZATION_LEVEL = 0;
				GCC_PREPROCESSOR_DEFINITIONS = (
					"DEBUG=1",
					"$(inherited)",
				);
				GCC_WARN_64_TO_32_BIT_CONVERSION = YES;
				GCC_WARN_ABOUT_RETURN_TYPE = YES_ERROR;
				GCC_WARN_UNDECLARED_SELECTOR = YES;
				GCC_WARN_UNINITIALIZED_AUTOS = YES_AGGRESSIVE;
				GCC_WARN_UNUSED_FUNCTION = YES;
				GCC_WARN_UNUSED_VARIABLE = YES;
				IPHONEOS_DEPLOYMENT_TARGET = 16.4;
				MTL_ENABLE_DEBUG_INFO = INCLUDE_SOURCE;
				MTL_FAST_MATH = YES;
				ONLY_ACTIVE_ARCH = YES;
				SDKROOT = iphoneos;
				SWIFT_ACTIVE_COMPILATION_CONDITIONS = DEBUG;
				SWIFT_OPTIMIZATION_LEVEL = "-Onone";
			};
			name = Debug;
		};
		D26A95D62A0A49DA00BE3D8C /* Release */ = {
			isa = XCBuildConfiguration;
			buildSettings = {
				ALWAYS_SEARCH_USER_PATHS = NO;
				CLANG_ANALYZER_NONNULL = YES;
				CLANG_ANALYZER_NUMBER_OBJECT_CONVERSION = YES_AGGRESSIVE;
				CLANG_CXX_LANGUAGE_STANDARD = "gnu++20";
				CLANG_ENABLE_MODULES = YES;
				CLANG_ENABLE_OBJC_ARC = YES;
				CLANG_ENABLE_OBJC_WEAK = YES;
				CLANG_WARN_BLOCK_CAPTURE_AUTORELEASING = YES;
				CLANG_WARN_BOOL_CONVERSION = YES;
				CLANG_WARN_COMMA = YES;
				CLANG_WARN_CONSTANT_CONVERSION = YES;
				CLANG_WARN_DEPRECATED_OBJC_IMPLEMENTATIONS = YES;
				CLANG_WARN_DIRECT_OBJC_ISA_USAGE = YES_ERROR;
				CLANG_WARN_DOCUMENTATION_COMMENTS = YES;
				CLANG_WARN_EMPTY_BODY = YES;
				CLANG_WARN_ENUM_CONVERSION = YES;
				CLANG_WARN_INFINITE_RECURSION = YES;
				CLANG_WARN_INT_CONVERSION = YES;
				CLANG_WARN_NON_LITERAL_NULL_CONVERSION = YES;
				CLANG_WARN_OBJC_IMPLICIT_RETAIN_SELF = YES;
				CLANG_WARN_OBJC_LITERAL_CONVERSION = YES;
				CLANG_WARN_OBJC_ROOT_CLASS = YES_ERROR;
				CLANG_WARN_QUOTED_INCLUDE_IN_FRAMEWORK_HEADER = YES;
				CLANG_WARN_RANGE_LOOP_ANALYSIS = YES;
				CLANG_WARN_STRICT_PROTOTYPES = YES;
				CLANG_WARN_SUSPICIOUS_MOVE = YES;
				CLANG_WARN_UNGUARDED_AVAILABILITY = YES_AGGRESSIVE;
				CLANG_WARN_UNREACHABLE_CODE = YES;
				CLANG_WARN__DUPLICATE_METHOD_MATCH = YES;
				COPY_PHASE_STRIP = NO;
				DEBUG_INFORMATION_FORMAT = "dwarf-with-dsym";
				ENABLE_NS_ASSERTIONS = NO;
				ENABLE_STRICT_OBJC_MSGSEND = YES;
				GCC_C_LANGUAGE_STANDARD = gnu11;
				GCC_NO_COMMON_BLOCKS = YES;
				GCC_WARN_64_TO_32_BIT_CONVERSION = YES;
				GCC_WARN_ABOUT_RETURN_TYPE = YES_ERROR;
				GCC_WARN_UNDECLARED_SELECTOR = YES;
				GCC_WARN_UNINITIALIZED_AUTOS = YES_AGGRESSIVE;
				GCC_WARN_UNUSED_FUNCTION = YES;
				GCC_WARN_UNUSED_VARIABLE = YES;
				IPHONEOS_DEPLOYMENT_TARGET = 16.4;
				MTL_ENABLE_DEBUG_INFO = NO;
				MTL_FAST_MATH = YES;
				SDKROOT = iphoneos;
				SWIFT_COMPILATION_MODE = wholemodule;
				SWIFT_OPTIMIZATION_LEVEL = "-O";
				VALIDATE_PRODUCT = YES;
			};
			name = Release;
		};
		D26A95D82A0A49DA00BE3D8C /* Debug */ = {
			isa = XCBuildConfiguration;
			buildSettings = {
				ASSETCATALOG_COMPILER_APPICON_NAME = AppIcon;
				ASSETCATALOG_COMPILER_GLOBAL_ACCENT_COLOR_NAME = AccentColor;
				CODE_SIGN_STYLE = Automatic;
				CURRENT_PROJECT_VERSION = 1;
				GENERATE_INFOPLIST_FILE = YES;
				INFOPLIST_FILE = WordList/Info.plist;
				INFOPLIST_KEY_UIApplicationSupportsIndirectInputEvents = YES;
				INFOPLIST_KEY_UILaunchStoryboardName = LaunchScreen;
				INFOPLIST_KEY_UIMainStoryboardFile = Main;
				INFOPLIST_KEY_UISupportedInterfaceOrientations_iPad = "UIInterfaceOrientationPortrait UIInterfaceOrientationPortraitUpsideDown UIInterfaceOrientationLandscapeLeft UIInterfaceOrientationLandscapeRight";
				INFOPLIST_KEY_UISupportedInterfaceOrientations_iPhone = "UIInterfaceOrientationPortrait UIInterfaceOrientationLandscapeLeft UIInterfaceOrientationLandscapeRight";
				LD_RUNPATH_SEARCH_PATHS = (
					"$(inherited)",
					"@executable_path/Frameworks",
				);
				MARKETING_VERSION = 1.0;
				PRODUCT_BUNDLE_IDENTIFIER = app.oshima.eeyore.WordList;
				PRODUCT_NAME = "$(TARGET_NAME)";
				SWIFT_EMIT_LOC_STRINGS = YES;
				SWIFT_VERSION = 5.0;
				TARGETED_DEVICE_FAMILY = "1,2";
			};
			name = Debug;
		};
		D26A95D92A0A49DA00BE3D8C /* Release */ = {
			isa = XCBuildConfiguration;
			buildSettings = {
				ASSETCATALOG_COMPILER_APPICON_NAME = AppIcon;
				ASSETCATALOG_COMPILER_GLOBAL_ACCENT_COLOR_NAME = AccentColor;
				CODE_SIGN_STYLE = Automatic;
				CURRENT_PROJECT_VERSION = 1;
				GENERATE_INFOPLIST_FILE = YES;
				INFOPLIST_FILE = WordList/Info.plist;
				INFOPLIST_KEY_UIApplicationSupportsIndirectInputEvents = YES;
				INFOPLIST_KEY_UILaunchStoryboardName = LaunchScreen;
				INFOPLIST_KEY_UIMainStoryboardFile = Main;
				INFOPLIST_KEY_UISupportedInterfaceOrientations_iPad = "UIInterfaceOrientationPortrait UIInterfaceOrientationPortraitUpsideDown UIInterfaceOrientationLandscapeLeft UIInterfaceOrientationLandscapeRight";
				INFOPLIST_KEY_UISupportedInterfaceOrientations_iPhone = "UIInterfaceOrientationPortrait UIInterfaceOrientationLandscapeLeft UIInterfaceOrientationLandscapeRight";
				LD_RUNPATH_SEARCH_PATHS = (
					"$(inherited)",
					"@executable_path/Frameworks",
				);
				MARKETING_VERSION = 1.0;
				PRODUCT_BUNDLE_IDENTIFIER = app.oshima.eeyore.WordList;
				PRODUCT_NAME = "$(TARGET_NAME)";
				SWIFT_EMIT_LOC_STRINGS = YES;
				SWIFT_VERSION = 5.0;
				TARGETED_DEVICE_FAMILY = "1,2";
			};
			name = Release;
		};
/* End XCBuildConfiguration section */

/* Begin XCConfigurationList section */
		D26A95BE2A0A49D800BE3D8C /* Build configuration list for PBXProject "WordList" */ = {
			isa = XCConfigurationList;
			buildConfigurations = (
				D26A95D52A0A49DA00BE3D8C /* Debug */,
				D26A95D62A0A49DA00BE3D8C /* Release */,
			);
			defaultConfigurationIsVisible = 0;
			defaultConfigurationName = Release;
		};
		D26A95D72A0A49DA00BE3D8C /* Build configuration list for PBXNativeTarget "WordList" */ = {
			isa = XCConfigurationList;
			buildConfigurations = (
				D26A95D82A0A49DA00BE3D8C /* Debug */,
				D26A95D92A0A49DA00BE3D8C /* Release */,
			);
			defaultConfigurationIsVisible = 0;
			defaultConfigurationName = Release;
		};
/* End XCConfigurationList section */
	};
	rootObject = D26A95BB2A0A49D800BE3D8C /* Project object */;
}
